# THIS IS AN AUTOGENERATED FILE. DO NOT EDIT THIS FILE DIRECTLY.
# yarn lockfile v1


"@clusterws/cws@^3.0.0":
  version "3.0.0"
  resolved "https://registry.yarnpkg.com/@clusterws/cws/-/cws-3.0.0.tgz#518fc8e7d9066e220f6f6aef3158cc14d5a1e98e"
  integrity sha512-6RO7IUbSlTO3l8XPN/9g21YGPF4HjfkidDzchkP0h6iwq5jYtji+KUCgyxcSYiuN7aWu8nGJDjBer7XJilPnOg==

"@types/node@^17.0.32":
  version "17.0.32"
  resolved "https://registry.yarnpkg.com/@types/node/-/node-17.0.32.tgz#51d59d7a90ef2d0ae961791e0900cad2393a0149"
  integrity sha512-eAIcfAvhf/BkHcf4pkLJ7ECpBAhh9kcxRBpip9cTiO+hf+aJrsxYxBeS6OXvOd9WqNAJmavXVpZvY1rBjNsXmw==

"@types/prop-types@*":
  version "15.7.5"
  resolved "https://registry.yarnpkg.com/@types/prop-types/-/prop-types-15.7.5.tgz#5f19d2b85a98e9558036f6a3cacc8819420f05cf"
  integrity sha512-JCB8C6SnDoQf0cNycqd/35A7MjcnK+ZTqE7judS6o7utxUCg6imJg3QK2qzHKszlTjcj2cn+NwMB2i96ubpj7w==

"@types/react-dom@^16.9.8":
  version "16.9.15"
  resolved "https://registry.yarnpkg.com/@types/react-dom/-/react-dom-16.9.15.tgz#7bf41f2b2b86915ff9c0de475cb111d904df12c6"
  integrity sha512-PjWhZj54ACucQX2hDmnHyqHz+N2On5g3Lt5BeNn+wy067qvOokVSQw1nEog1XGfvLYrSl3cyrdebEfjQQNXD3A==
  dependencies:
    "@types/react" "^16"

"@types/react@^16":
  version "16.14.26"
  resolved "https://registry.yarnpkg.com/@types/react/-/react-16.14.26.tgz#82540a240ba7207ebe87d9579051bc19c9ef7605"
  integrity sha512-c/5CYyciOO4XdFcNhZW1O2woVx86k4T+DO2RorHZL7EhitkNQgSD/SgpdZJAUJa/qjVgOmTM44gHkAdZSXeQuQ==
  dependencies:
    "@types/prop-types" "*"
    "@types/scheduler" "*"
    csstype "^3.0.2"

"@types/react@^17.0.45":
  version "17.0.45"
  resolved "https://registry.yarnpkg.com/@types/react/-/react-17.0.45.tgz#9b3d5b661fd26365fefef0e766a1c6c30ccf7b3f"
  integrity sha512-YfhQ22Lah2e3CHPsb93tRwIGNiSwkuz1/blk4e6QrWS0jQzCSNbGLtOEYhPg02W0yGTTmpajp7dCTbBAMN3qsg==
  dependencies:
    "@types/prop-types" "*"
    "@types/scheduler" "*"
    csstype "^3.0.2"

"@types/scheduler@*":
  version "0.16.2"
  resolved "https://registry.yarnpkg.com/@types/scheduler/-/scheduler-0.16.2.tgz#1a62f89525723dde24ba1b01b092bf5df8ad4d39"
  integrity sha512-hppQEBDmlwhFAXKJX2KnWLYu5yMfi91yazPb2l+lbJiwW+wdo1gNeRA+3RgNSO39WYX2euey41KEwnqesU2Jew==

"@types/uuid@^8.3.4":
  version "8.3.4"
  resolved "https://registry.yarnpkg.com/@types/uuid/-/uuid-8.3.4.tgz#bd86a43617df0594787d38b735f55c805becf1bc"
  integrity sha512-c/I8ZRb51j+pYGAu5CrFMRxqZ2ke4y2grEBO5AUjgSkSk+qT2Ea+OdWElz/OiMf5MNpn2b17kuVBwZLQJXzihw==

csstype@^3.0.2:
  version "3.0.11"
  resolved "https://registry.yarnpkg.com/csstype/-/csstype-3.0.11.tgz#d66700c5eacfac1940deb4e3ee5642792d85cd33"
  integrity sha512-sa6P2wJ+CAbgyy4KFssIb/JNMLxFvKF1pCYCSXS8ZMuqZnMsrxqI2E5sPyoTpxoPU/gVZMzr2zjOfg8GIZOMsw==

esm@^3.2.22:
  version "3.2.25"
  resolved "https://registry.yarnpkg.com/esm/-/esm-3.2.25.tgz#342c18c29d56157688ba5ce31f8431fbb795cc10"
  integrity sha512-U1suiZ2oDVWv4zPO56S0NcR5QriEahGtdN2OR6FiOG4WJvcjBVFB0qI4+eKoWFH483PKGuLuu6V8Z4T5g63UVA==

eventemitter3@^4.0.7:
  version "4.0.7"
  resolved "https://registry.yarnpkg.com/eventemitter3/-/eventemitter3-4.0.7.tgz#2de9b68f6528d5644ef5c59526a1b4a07306169f"
  integrity sha512-8guHBZCwKnFhYdHr2ysuRWErTwhoN2X8XELRlrRwpmfeY2jjuUN4taQMsULKUVo1K4DvZl+0pgfyoysHxvmvEw==

inherits@2.0.3:
  version "2.0.3"
  resolved "https://registry.yarnpkg.com/inherits/-/inherits-2.0.3.tgz#633c2c83e3da42a502f52466022480f4208261de"
  integrity sha1-Yzwsg+PaQqUC9SRmAiSA9CCCYd4=

nengi@1.27.0:
  version "1.27.0"
  resolved "https://registry.yarnpkg.com/nengi/-/nengi-1.27.0.tgz#10ab40d7e5ea990571a2fcf9f0626de6cfc3f7f9"
  integrity sha512-rhasPjwtLGYthTRXazDLnwUxLfxc0islTl0GNQj0rFQuMPJmXwbJKlTWoY17wfPWuqCgcPfuuO63Lvz+TLziaw==
  dependencies:
    "@clusterws/cws" "^3.0.0"
    esm "^3.2.22"
    eventemitter3 "^4.0.7"
    utf8 "^3.0.0"

path@^0.12.7:
  version "0.12.7"
  resolved "https://registry.yarnpkg.com/path/-/path-0.12.7.tgz#d4dc2a506c4ce2197eb481ebfcd5b36c0140b10f"
  integrity sha1-1NwqUGxM4hl+tIHr/NWzbAFAsQ8=
  dependencies:
    process "^0.11.1"
    util "^0.10.3"

phaser@~3.55.2:
  version "3.55.2"
  resolved "https://registry.yarnpkg.com/phaser/-/phaser-3.55.2.tgz#c1e2e9e70de7085502885e06f46b7eb4bd95e29a"
  integrity sha512-amKXsbb2Ht29dGPKvt1edq3yGGYKtq8373GpJYGKPNPnneYY6MtVTOgjHDuZwtmUyK4v86FugkT3hzW/N4tjxQ==
  dependencies:
    eventemitter3 "^4.0.7"
    path "^0.12.7"

process@^0.11.1:
  version "0.11.10"
  resolved "https://registry.yarnpkg.com/process/-/process-0.11.10.tgz#7332300e840161bda3e69a1d1d91a7d4bc16f182"
  integrity sha1-czIwDoQBYb2j5podHZGn1LwW8YI=

utf8@^3.0.0:
  version "3.0.0"
  resolved "https://registry.yarnpkg.com/utf8/-/utf8-3.0.0.tgz#f052eed1364d696e769ef058b183df88c87f69d1"
  integrity sha512-E8VjFIQ/TyQgp+TZfS6l8yp/xWppSAHzidGiRrqe4bK4XP9pTRyKFgGJpO3SN7zdX4DeomTrwaseCHovfpFcqQ==

util@^0.10.3:
  version "0.10.4"
  resolved "https://registry.yarnpkg.com/util/-/util-0.10.4.tgz#3aa0125bfe668a4672de58857d3ace27ecb76901"
  integrity sha512-0Pm9hTQ3se5ll1XihRic3FDIku70C+iHUdT/W926rSgHV5QgXsYbKZN8MSC3tJtSkhuROzvsQjAaFENRXr+19A==
  dependencies:
    inherits "2.0.3"

uuid@^8.3.2:
  version "8.3.2"
  resolved "https://registry.yarnpkg.com/uuid/-/uuid-8.3.2.tgz#80d5b5ced271bb9af6c445f21a1a04c606cefbe2"
  integrity sha512-+NYs2QeMWy+GWFOEm9xnn6HCDp0l7QBD7ml8zLUmJ+93Q5NF0NocErnwkTkXVFNiX3/fpC6afS8Dhb/gz7R7eg==
